
Microsoft Visual Studio Solution File, Format Version 12.00
Project("{2150E333-8FDC-42A3-9474-1A3956D46DE8}") = "SolutionItems", "SolutionItems", "{5B8CB7A4-50EC-4295-B2AC-8F0745D81DB9}"
	ProjectSection(SolutionItems) = preProject
		.gitignore = .gitignore
		README.md = README.md
		shared\connectrionStrings\wish_prod.json = shared\connectrionStrings\wish_prod.json
		shared\connectrionStrings\wish_stage.json = shared\connectrionStrings\wish_stage.json
	EndProjectSection
EndProject
Project("{2150E333-8FDC-42A3-9474-1A3956D46DE8}") = "Tests", "Tests", "{DED92C7D-5B94-4198-8D40-CD538AE0DC46}"
EndProject
Project("{FAE04EC0-301F-11D3-BF4B-00C04F79EFBC}") = "WL.Infrastructure", "src\WL.Infrastructure\WL.Infrastructure.csproj", "{5DEEFB68-9AF3-4D8D-9B13-F7CA6D533D7B}"
EndProject
Project("{2150E333-8FDC-42A3-9474-1A3956D46DE8}") = "Main", "Main", "{D610FE4F-2854-41F9-A228-F19D5C341570}"
EndProject
Project("{2150E333-8FDC-42A3-9474-1A3956D46DE8}") = "Migrations", "Migrations", "{4E3C1F58-F018-4EF1-8B96-A6EE07640B19}"
EndProject
Project("{FAE04EC0-301F-11D3-BF4B-00C04F79EFBC}") = "WL.Migrations", "src\WL.Migrations\WL.Migrations.csproj", "{8AD4FD51-9F5F-4037-B24B-7D2BB5159B91}"
EndProject
Project("{FAE04EC0-301F-11D3-BF4B-00C04F79EFBC}") = "WL.Domain", "src\WL.Domain\WL.Domain.csproj", "{5ACAF2B7-F3B5-4077-9980-B533E3DDFED8}"
EndProject
Project("{FAE04EC0-301F-11D3-BF4B-00C04F79EFBC}") = "WL.Application", "src\WL.Application\WL.Application.csproj", "{BBF30170-AD5B-4D51-A65D-8F2A2AF7EAC1}"
EndProject
Project("{FAE04EC0-301F-11D3-BF4B-00C04F79EFBC}") = "WL.PublicApi", "src\WL.PublicApi\WL.PublicApi.csproj", "{A6EA4848-AAA4-43F0-9EAB-7DDF3DB5983D}"
EndProject
Global
	GlobalSection(SolutionConfigurationPlatforms) = preSolution
		Debug|Any CPU = Debug|Any CPU
		Release|Any CPU = Release|Any CPU
	EndGlobalSection
	GlobalSection(ProjectConfigurationPlatforms) = postSolution
		{5DEEFB68-9AF3-4D8D-9B13-F7CA6D533D7B}.Debug|Any CPU.ActiveCfg = Debug|Any CPU
		{5DEEFB68-9AF3-4D8D-9B13-F7CA6D533D7B}.Debug|Any CPU.Build.0 = Debug|Any CPU
		{5DEEFB68-9AF3-4D8D-9B13-F7CA6D533D7B}.Release|Any CPU.ActiveCfg = Release|Any CPU
		{5DEEFB68-9AF3-4D8D-9B13-F7CA6D533D7B}.Release|Any CPU.Build.0 = Release|Any CPU
		{8AD4FD51-9F5F-4037-B24B-7D2BB5159B91}.Debug|Any CPU.ActiveCfg = Debug|Any CPU
		{8AD4FD51-9F5F-4037-B24B-7D2BB5159B91}.Debug|Any CPU.Build.0 = Debug|Any CPU
		{8AD4FD51-9F5F-4037-B24B-7D2BB5159B91}.Release|Any CPU.ActiveCfg = Release|Any CPU
		{8AD4FD51-9F5F-4037-B24B-7D2BB5159B91}.Release|Any CPU.Build.0 = Release|Any CPU
		{5ACAF2B7-F3B5-4077-9980-B533E3DDFED8}.Debug|Any CPU.ActiveCfg = Debug|Any CPU
		{5ACAF2B7-F3B5-4077-9980-B533E3DDFED8}.Debug|Any CPU.Build.0 = Debug|Any CPU
		{5ACAF2B7-F3B5-4077-9980-B533E3DDFED8}.Release|Any CPU.ActiveCfg = Release|Any CPU
		{5ACAF2B7-F3B5-4077-9980-B533E3DDFED8}.Release|Any CPU.Build.0 = Release|Any CPU
		{BBF30170-AD5B-4D51-A65D-8F2A2AF7EAC1}.Debug|Any CPU.ActiveCfg = Debug|Any CPU
		{BBF30170-AD5B-4D51-A65D-8F2A2AF7EAC1}.Debug|Any CPU.Build.0 = Debug|Any CPU
		{BBF30170-AD5B-4D51-A65D-8F2A2AF7EAC1}.Release|Any CPU.ActiveCfg = Release|Any CPU
		{BBF30170-AD5B-4D51-A65D-8F2A2AF7EAC1}.Release|Any CPU.Build.0 = Release|Any CPU
		{A6EA4848-AAA4-43F0-9EAB-7DDF3DB5983D}.Debug|Any CPU.ActiveCfg = Debug|Any CPU
		{A6EA4848-AAA4-43F0-9EAB-7DDF3DB5983D}.Debug|Any CPU.Build.0 = Debug|Any CPU
		{A6EA4848-AAA4-43F0-9EAB-7DDF3DB5983D}.Release|Any CPU.ActiveCfg = Release|Any CPU
		{A6EA4848-AAA4-43F0-9EAB-7DDF3DB5983D}.Release|Any CPU.Build.0 = Release|Any CPU
	EndGlobalSection
	GlobalSection(NestedProjects) = preSolution
		{5DEEFB68-9AF3-4D8D-9B13-F7CA6D533D7B} = {D610FE4F-2854-41F9-A228-F19D5C341570}
		{8AD4FD51-9F5F-4037-B24B-7D2BB5159B91} = {4E3C1F58-F018-4EF1-8B96-A6EE07640B19}
		{5ACAF2B7-F3B5-4077-9980-B533E3DDFED8} = {D610FE4F-2854-41F9-A228-F19D5C341570}
		{BBF30170-AD5B-4D51-A65D-8F2A2AF7EAC1} = {D610FE4F-2854-41F9-A228-F19D5C341570}
		{A6EA4848-AAA4-43F0-9EAB-7DDF3DB5983D} = {D610FE4F-2854-41F9-A228-F19D5C341570}
	EndGlobalSection
EndGlobal
